
Microsoft Visual Studio Solution File, Format Version 12.00
# Visual Studio 15
VisualStudioVersion = 15.0.28010.2048
MinimumVisualStudioVersion = 10.0.40219.1
Project("{FAE04EC0-301F-11D3-BF4B-00C04F79EFBC}") = "RandomBitMapImage", "RandomBitMapImage\RandomBitMapImage.csproj", "{3583FC07-EEFA-4DAD-AADB-47FA2E7AD7BD}"
EndProject
Global
	GlobalSection(SolutionConfigurationPlatforms) = preSolution
		Debug|Any CPU = Debug|Any CPU
		Release|Any CPU = Release|Any CPU
	EndGlobalSection
	GlobalSection(ProjectConfigurationPlatforms) = postSolution
		{3583FC07-EEFA-4DAD-AADB-47FA2E7AD7BD}.Debug|Any CPU.ActiveCfg = Debug|Any CPU
		{3583FC07-EEFA-4DAD-AADB-47FA2E7AD7BD}.Debug|Any CPU.Build.0 = Debug|Any CPU
		{3583FC07-EEFA-4DAD-AADB-47FA2E7AD7BD}.Release|Any CPU.ActiveCfg = Release|Any CPU
		{3583FC07-EEFA-4DAD-AADB-47FA2E7AD7BD}.Release|Any CPU.Build.0 = Release|Any CPU
	EndGlobalSection
	GlobalSection(SolutionProperties) = preSolution
		HideSolutionNode = FALSE
	EndGlobalSection
	GlobalSection(ExtensibilityGlobals) = postSolution
		SolutionGuid = {2F0EB1F4-7A22-47CB-B6E3-0F3CB817F06D}
	EndGlobalSection
EndGlobal
